
Microsoft Visual Studio Solution File, Format Version 12.00
# Visual Studio Version 17
VisualStudioVersion = 17.1.32328.378
MinimumVisualStudioVersion = 10.0.40219.1
Project("{8BC9CEB8-8B4A-11D0-8D11-00A0C91BC942}") = "GameEngineBase", "GameEngineBase\GameEngineBase.vcxproj", "{DBE5AC71-5704-4007-83F4-C0BCCDC57295}"
EndProject
Project("{8BC9CEB8-8B4A-11D0-8D11-00A0C91BC942}") = "GameEngineApp", "GameEngineApp\GameEngineApp.vcxproj", "{7D1F4171-F9DD-4372-96F4-577A41A29F2C}"
	ProjectSection(ProjectDependencies) = postProject
		{BFC6CD62-60DD-4A08-AD6B-315ACEED6F41} = {BFC6CD62-60DD-4A08-AD6B-315ACEED6F41}
		{CE14575E-2D0E-434D-8438-0A6320F77EFB} = {CE14575E-2D0E-434D-8438-0A6320F77EFB}
		{DBE5AC71-5704-4007-83F4-C0BCCDC57295} = {DBE5AC71-5704-4007-83F4-C0BCCDC57295}
	EndProjectSection
EndProject
Project("{2150E333-8FDC-42A3-9474-1A3956D46DE8}") = "Level0", "Level0", "{E7CC243B-65BF-45DF-B675-DFA1EDDA2031}"
EndProject
Project("{2150E333-8FDC-42A3-9474-1A3956D46DE8}") = "Level5", "Level5", "{81D1F2FF-2F20-44DE-AC0E-5B3143B9A920}"
EndProject
Project("{2150E333-8FDC-42A3-9474-1A3956D46DE8}") = "Level2", "Level2", "{D7CD1934-BCBE-409A-A954-C02A8232D376}"
EndProject
Project("{8BC9CEB8-8B4A-11D0-8D11-00A0C91BC942}") = "GameEngineContents", "GameEngineContents\GameEngineContents.vcxproj", "{CE14575E-2D0E-434D-8438-0A6320F77EFB}"
	ProjectSection(ProjectDependencies) = postProject
		{BFC6CD62-60DD-4A08-AD6B-315ACEED6F41} = {BFC6CD62-60DD-4A08-AD6B-315ACEED6F41}
		{DBE5AC71-5704-4007-83F4-C0BCCDC57295} = {DBE5AC71-5704-4007-83F4-C0BCCDC57295}
	EndProjectSection
EndProject
Project("{2150E333-8FDC-42A3-9474-1A3956D46DE8}") = "Level1", "Level1", "{EAF45549-88A0-40F8-AE7E-1F848DEC3BEF}"
EndProject
Project("{8BC9CEB8-8B4A-11D0-8D11-00A0C91BC942}") = "GameEngineCore", "GameEngineCore\GameEngineCore.vcxproj", "{BFC6CD62-60DD-4A08-AD6B-315ACEED6F41}"
	ProjectSection(ProjectDependencies) = postProject
		{DBE5AC71-5704-4007-83F4-C0BCCDC57295} = {DBE5AC71-5704-4007-83F4-C0BCCDC57295}
	EndProjectSection
EndProject
Project("{8BC9CEB8-8B4A-11D0-8D11-00A0C91BC942}") = "Shader", "GameEngineResources\GameEngineShader\Shader.vcxproj", "{E5B9F903-DFAF-4029-BCCB-1BEDDE7289F7}"
EndProject
Global
	GlobalSection(SolutionConfigurationPlatforms) = preSolution
		Debug|x64 = Debug|x64
		Debug|x86 = Debug|x86
		Release|x64 = Release|x64
		Release|x86 = Release|x86
	EndGlobalSection
	GlobalSection(ProjectConfigurationPlatforms) = postSolution
		{DBE5AC71-5704-4007-83F4-C0BCCDC57295}.Debug|x64.ActiveCfg = Debug|x64
		{DBE5AC71-5704-4007-83F4-C0BCCDC57295}.Debug|x64.Build.0 = Debug|x64
		{DBE5AC71-5704-4007-83F4-C0BCCDC57295}.Debug|x86.ActiveCfg = Debug|Win32
		{DBE5AC71-5704-4007-83F4-C0BCCDC57295}.Debug|x86.Build.0 = Debug|Win32
		{DBE5AC71-5704-4007-83F4-C0BCCDC57295}.Release|x64.ActiveCfg = Release|x64
		{DBE5AC71-5704-4007-83F4-C0BCCDC57295}.Release|x64.Build.0 = Release|x64
		{DBE5AC71-5704-4007-83F4-C0BCCDC57295}.Release|x86.ActiveCfg = Release|Win32
		{DBE5AC71-5704-4007-83F4-C0BCCDC57295}.Release|x86.Build.0 = Release|Win32
		{7D1F4171-F9DD-4372-96F4-577A41A29F2C}.Debug|x64.ActiveCfg = Debug|x64
		{7D1F4171-F9DD-4372-96F4-577A41A29F2C}.Debug|x64.Build.0 = Debug|x64
		{7D1F4171-F9DD-4372-96F4-577A41A29F2C}.Debug|x86.ActiveCfg = Debug|Win32
		{7D1F4171-F9DD-4372-96F4-577A41A29F2C}.Debug|x86.Build.0 = Debug|Win32
		{7D1F4171-F9DD-4372-96F4-577A41A29F2C}.Release|x64.ActiveCfg = Release|x64
		{7D1F4171-F9DD-4372-96F4-577A41A29F2C}.Release|x64.Build.0 = Release|x64
		{7D1F4171-F9DD-4372-96F4-577A41A29F2C}.Release|x86.ActiveCfg = Release|Win32
		{7D1F4171-F9DD-4372-96F4-577A41A29F2C}.Release|x86.Build.0 = Release|Win32
		{CE14575E-2D0E-434D-8438-0A6320F77EFB}.Debug|x64.ActiveCfg = Debug|x64
		{CE14575E-2D0E-434D-8438-0A6320F77EFB}.Debug|x64.Build.0 = Debug|x64
		{CE14575E-2D0E-434D-8438-0A6320F77EFB}.Debug|x86.ActiveCfg = Debug|Win32
		{CE14575E-2D0E-434D-8438-0A6320F77EFB}.Debug|x86.Build.0 = Debug|Win32
		{CE14575E-2D0E-434D-8438-0A6320F77EFB}.Release|x64.ActiveCfg = Release|x64
		{CE14575E-2D0E-434D-8438-0A6320F77EFB}.Release|x64.Build.0 = Release|x64
		{CE14575E-2D0E-434D-8438-0A6320F77EFB}.Release|x86.ActiveCfg = Release|Win32
		{CE14575E-2D0E-434D-8438-0A6320F77EFB}.Release|x86.Build.0 = Release|Win32
		{BFC6CD62-60DD-4A08-AD6B-315ACEED6F41}.Debug|x64.ActiveCfg = Debug|x64
		{BFC6CD62-60DD-4A08-AD6B-315ACEED6F41}.Debug|x64.Build.0 = Debug|x64
		{BFC6CD62-60DD-4A08-AD6B-315ACEED6F41}.Debug|x86.ActiveCfg = Debug|Win32
		{BFC6CD62-60DD-4A08-AD6B-315ACEED6F41}.Debug|x86.Build.0 = Debug|Win32
		{BFC6CD62-60DD-4A08-AD6B-315ACEED6F41}.Release|x64.ActiveCfg = Release|x64
		{BFC6CD62-60DD-4A08-AD6B-315ACEED6F41}.Release|x64.Build.0 = Release|x64
		{BFC6CD62-60DD-4A08-AD6B-315ACEED6F41}.Release|x86.ActiveCfg = Release|Win32
		{BFC6CD62-60DD-4A08-AD6B-315ACEED6F41}.Release|x86.Build.0 = Release|Win32
		{E5B9F903-DFAF-4029-BCCB-1BEDDE7289F7}.Debug|x64.ActiveCfg = Debug|x64
		{E5B9F903-DFAF-4029-BCCB-1BEDDE7289F7}.Debug|x64.Build.0 = Debug|x64
		{E5B9F903-DFAF-4029-BCCB-1BEDDE7289F7}.Debug|x86.ActiveCfg = Debug|Win32
		{E5B9F903-DFAF-4029-BCCB-1BEDDE7289F7}.Debug|x86.Build.0 = Debug|Win32
		{E5B9F903-DFAF-4029-BCCB-1BEDDE7289F7}.Release|x64.ActiveCfg = Release|x64
		{E5B9F903-DFAF-4029-BCCB-1BEDDE7289F7}.Release|x64.Build.0 = Release|x64
		{E5B9F903-DFAF-4029-BCCB-1BEDDE7289F7}.Release|x86.ActiveCfg = Release|Win32
		{E5B9F903-DFAF-4029-BCCB-1BEDDE7289F7}.Release|x86.Build.0 = Release|Win32
	EndGlobalSection
	GlobalSection(SolutionProperties) = preSolution
		HideSolutionNode = FALSE
	EndGlobalSection
	GlobalSection(NestedProjects) = preSolution
		{DBE5AC71-5704-4007-83F4-C0BCCDC57295} = {E7CC243B-65BF-45DF-B675-DFA1EDDA2031}
		{7D1F4171-F9DD-4372-96F4-577A41A29F2C} = {81D1F2FF-2F20-44DE-AC0E-5B3143B9A920}
		{CE14575E-2D0E-434D-8438-0A6320F77EFB} = {D7CD1934-BCBE-409A-A954-C02A8232D376}
		{BFC6CD62-60DD-4A08-AD6B-315ACEED6F41} = {EAF45549-88A0-40F8-AE7E-1F848DEC3BEF}
		{E5B9F903-DFAF-4029-BCCB-1BEDDE7289F7} = {EAF45549-88A0-40F8-AE7E-1F848DEC3BEF}
	EndGlobalSection
	GlobalSection(ExtensibilityGlobals) = postSolution
		SolutionGuid = {3B30B2DE-D21A-412F-8261-22E1388E759A}
	EndGlobalSection
EndGlobal
