<?xml version="1.0" encoding="utf-8"?>
<Project ToolsVersion="4.0" xmlns="http://schemas.microsoft.com/developer/msbuild/2003">
  <ItemGroup>
    <Filter Include="MyGame">
      <UniqueIdentifier>{7d44de5f-dff9-49f7-a075-fce390ac868c}</UniqueIdentifier>
    </Filter>
    <Filter Include="Level">
      <UniqueIdentifier>{a86a0e12-ae23-4a7e-a9c1-cc06d764c385}</UniqueIdentifier>
    </Filter>
    <Filter Include="Global">
      <UniqueIdentifier>{bdfa1308-b7bd-4e6b-acf2-ae48d4fb2512}</UniqueIdentifier>
    </Filter>
    <Filter Include="Actor">
      <UniqueIdentifier>{c525e903-9252-4cc5-b21a-4a9f72279d29}</UniqueIdentifier>
    </Filter>
    <Filter Include="Actor\Play">
      <UniqueIdentifier>{378ba814-3a0b-458f-937d-a945ef4323a1}</UniqueIdentifier>
    </Filter>
    <Filter Include="Actor\Play\Com">
      <UniqueIdentifier>{e0e349bc-589c-4278-88c2-dc40d43fd46d}</UniqueIdentifier>
    </Filter>
    <Filter Include="PreCompile">
      <UniqueIdentifier>{69df670c-1e6d-4c02-b088-69f5fc0b9285}</UniqueIdentifier>
    </Filter>
    <Filter Include="Actor\Title">
      <UniqueIdentifier>{cf23616b-929e-4849-91f2-fbb28fe2d2d3}</UniqueIdentifier>
    </Filter>
    <Filter Include="Actor\Monster">
      <UniqueIdentifier>{a6651186-4d69-4c77-a6e2-c66ffcc94dbc}</UniqueIdentifier>
    </Filter>
    <Filter Include="Actor\NPC">
      <UniqueIdentifier>{a4545ed4-3e44-4c33-baa9-31cd659ae3c4}</UniqueIdentifier>
    </Filter>
    <Filter Include="Actor\UI">
      <UniqueIdentifier>{7163d93d-dac8-4f4e-8a3d-a2aca547f0a1}</UniqueIdentifier>
    </Filter>
    <Filter Include="Actor\Parents">
      <UniqueIdentifier>{549ad0bd-566c-4710-952a-ffc6394b0193}</UniqueIdentifier>
    </Filter>
    <Filter Include="Actor\Parents\Character">
      <UniqueIdentifier>{41afbb6a-af07-4d5d-a794-8d437182fd2c}</UniqueIdentifier>
    </Filter>
    <Filter Include="Actor\Parents\Stage">
      <UniqueIdentifier>{1965e173-28c4-493b-8360-e6cf909db992}</UniqueIdentifier>
    </Filter>
  </ItemGroup>
  <ItemGroup>
    <ClInclude Include="MapleStoryCore.h">
      <Filter>MyGame</Filter>
    </ClInclude>
    <ClInclude Include="TitleLevel.h">
      <Filter>Level</Filter>
    </ClInclude>
    <ClInclude Include="Stage1Level.h">
      <Filter>Level</Filter>
    </ClInclude>
    <ClInclude Include="Enums.h">
      <Filter>Global</Filter>
    </ClInclude>
    <ClInclude Include="TitleLogo.h">
      <Filter>Actor\Title</Filter>
    </ClInclude>
    <ClInclude Include="Player.h">
      <Filter>Actor\Play</Filter>
    </ClInclude>
    <ClInclude Include="ScoreTestComponent.h">
      <Filter>Actor\Play\Com</Filter>
    </ClInclude>
    <ClInclude Include="PreCompile.h">
      <Filter>PreCompile</Filter>
    </ClInclude>
    <ClInclude Include="GlobalContentsValue.h" />
    <ClInclude Include="Monster.h">
      <Filter>Actor\Monster</Filter>
    </ClInclude>
    <ClInclude Include="Sugar.h">
      <Filter>Actor\NPC</Filter>
    </ClInclude>
    <ClInclude Include="Stage2Level.h">
      <Filter>Level</Filter>
    </ClInclude>
    <ClInclude Include="Main_HP_MP_UI.h">
      <Filter>Actor\UI</Filter>
    </ClInclude>
    <ClInclude Include="StageObject.h">
      <Filter>Actor\Parents\Stage</Filter>
    </ClInclude>
    <ClInclude Include="LevelParent.h">
      <Filter>Level</Filter>
    </ClInclude>
    <ClInclude Include="CharacterObject.h">
      <Filter>Actor\Parents\Character</Filter>
    </ClInclude>
  </ItemGroup>
  <ItemGroup>
    <ClCompile Include="MapleStoryCore.cpp">
      <Filter>MyGame</Filter>
    </ClCompile>
    <ClCompile Include="TitleLevel.cpp">
      <Filter>Level</Filter>
    </ClCompile>
    <ClCompile Include="Stage1Level.cpp">
      <Filter>Level</Filter>
    </ClCompile>
    <ClCompile Include="TitleLogo.cpp">
      <Filter>Actor\Title</Filter>
    </ClCompile>
    <ClCompile Include="Player.cpp">
      <Filter>Actor\Play</Filter>
    </ClCompile>
    <ClCompile Include="ScoreTestComponent.cpp">
      <Filter>Actor\Play\Com</Filter>
    </ClCompile>
    <ClCompile Include="PreCompile.cpp">
      <Filter>PreCompile</Filter>
    </ClCompile>
    <ClCompile Include="GlobalContentsValue.cpp" />
    <ClCompile Include="Monster.cpp">
      <Filter>Actor\Monster</Filter>
    </ClCompile>
    <ClCompile Include="Sugar.cpp">
      <Filter>Actor\NPC</Filter>
    </ClCompile>
    <ClCompile Include="Stage2Level.cpp">
      <Filter>Level</Filter>
    </ClCompile>
    <ClCompile Include="Main_HP_MP_UI.cpp">
      <Filter>Actor\UI</Filter>
    </ClCompile>
    <ClCompile Include="CharacterObject.cpp">
      <Filter>Actor\Parents\Character</Filter>
    </ClCompile>
    <ClCompile Include="StageObject.cpp">
      <Filter>Actor\Parents\Stage</Filter>
    </ClCompile>
    <ClCompile Include="LevelParent.cpp">
      <Filter>Level</Filter>
    </ClCompile>
  </ItemGroup>
</Project>